// !$*UTF8*$!
{
	archiveVersion = 1;
	classes = {
	};
	objectVersion = 77;
	objects = {

/* Begin PBXBuildFile section */
		425BDDBB2DAFFAE90007D285 /* Assets.xcassets in Resources */ = {isa = PBXBuildFile; fileRef = 425BDDB22DAFFAE90007D285 /* Assets.xcassets */; };
		425BDDBD2DAFFAE90007D285 /* LaunchScreen.storyboard in Resources */ = {isa = PBXBuildFile; fileRef = 425BDDB52DAFFAE90007D285 /* LaunchScreen.storyboard */; };
		425BDDBE2DAFFAE90007D285 /* Main.storyboard in Resources */ = {isa = PBXBuildFile; fileRef = 425BDDB72DAFFAE90007D285 /* Main.storyboard */; };
		425BDDBF2DAFFAE90007D285 /* AppDelegate.swift in Sources */ = {isa = PBXBuildFile; fileRef = 425BDDB12DAFFAE90007D285 /* AppDelegate.swift */; };
		425BDDC02DAFFAE90007D285 /* SceneDelegate.swift in Sources */ = {isa = PBXBuildFile; fileRef = 425BDDB82DAFFAE90007D285 /* SceneDelegate.swift */; };
		425BDDC12DAFFAE90007D285 /* DataStore.swift in Sources */ = {isa = PBXBuildFile; fileRef = 425BDDB92DAFFAE90007D285 /* DataStore.swift */; };
		425BDDC52DAFFCA10007D285 /* ContentView.swift in Sources */ = {isa = PBXBuildFile; fileRef = 425BDDC42DAFFCA10007D285 /* ContentView.swift */; };
		425BDDC82DB0024E0007D285 /* Person.swift in Sources */ = {isa = PBXBuildFile; fileRef = 425BDDC72DB0024E0007D285 /* Person.swift */; };
		425BDDCC2DB006690007D285 /* ContactListView.swift in Sources */ = {isa = PBXBuildFile; fileRef = 425BDDCB2DB006690007D285 /* ContactListView.swift */; };
		425BDDCE2DB007B60007D285 /* PersonView.swift in Sources */ = {isa = PBXBuildFile; fileRef = 425BDDCD2DB007B60007D285 /* PersonView.swift */; };
		425BDDD02DB0095F0007D285 /* SectionsView.swift in Sources */ = {isa = PBXBuildFile; fileRef = 425BDDCF2DB0095F0007D285 /* SectionsView.swift */; };
/* End PBXBuildFile section */

/* Begin PBXFileReference section */
		425BDD992DAFFACA0007D285 /* ContantList.app */ = {isa = PBXFileReference; explicitFileType = wrapper.application; includeInIndex = 0; path = ContantList.app; sourceTree = BUILT_PRODUCTS_DIR; };
		425BDDB12DAFFAE90007D285 /* AppDelegate.swift */ = {isa = PBXFileReference; lastKnownFileType = sourcecode.swift; path = AppDelegate.swift; sourceTree = "<group>"; };
		425BDDB22DAFFAE90007D285 /* Assets.xcassets */ = {isa = PBXFileReference; lastKnownFileType = folder.assetcatalog; path = Assets.xcassets; sourceTree = "<group>"; };
		425BDDB32DAFFAE90007D285 /* Info.plist */ = {isa = PBXFileReference; lastKnownFileType = text.plist.xml; path = Info.plist; sourceTree = "<group>"; };
		425BDDB42DAFFAE90007D285 /* Base */ = {isa = PBXFileReference; lastKnownFileType = file.storyboard; name = Base; path = Base.lproj/LaunchScreen.storyboard; sourceTree = "<group>"; };
		425BDDB62DAFFAE90007D285 /* Base */ = {isa = PBXFileReference; lastKnownFileType = file.storyboard; name = Base; path = Base.lproj/Main.storyboard; sourceTree = "<group>"; };
		425BDDB82DAFFAE90007D285 /* SceneDelegate.swift */ = {isa = PBXFileReference; lastKnownFileType = sourcecode.swift; path = SceneDelegate.swift; sourceTree = "<group>"; };
		425BDDB92DAFFAE90007D285 /* DataStore.swift */ = {isa = PBXFileReference; lastKnownFileType = sourcecode.swift; path = DataStore.swift; sourceTree = "<group>"; };
		425BDDC42DAFFCA10007D285 /* ContentView.swift */ = {isa = PBXFileReference; lastKnownFileType = sourcecode.swift; path = ContentView.swift; sourceTree = "<group>"; };
		425BDDC72DB0024E0007D285 /* Person.swift */ = {isa = PBXFileReference; lastKnownFileType = sourcecode.swift; path = Person.swift; sourceTree = "<group>"; };
		425BDDCB2DB006690007D285 /* ContactListView.swift */ = {isa = PBXFileReference; lastKnownFileType = sourcecode.swift; path = ContactListView.swift; sourceTree = "<group>"; };
		425BDDCD2DB007B60007D285 /* PersonView.swift */ = {isa = PBXFileReference; lastKnownFileType = sourcecode.swift; path = PersonView.swift; sourceTree = "<group>"; };
		425BDDCF2DB0095F0007D285 /* SectionsView.swift */ = {isa = PBXFileReference; lastKnownFileType = sourcecode.swift; path = SectionsView.swift; sourceTree = "<group>"; };
/* End PBXFileReference section */

/* Begin PBXFrameworksBuildPhase section */
		425BDD962DAFFACA0007D285 /* Frameworks */ = {
			isa = PBXFrameworksBuildPhase;
			buildActionMask = 2147483647;
			files = (
			);
			runOnlyForDeploymentPostprocessing = 0;
		};
/* End PBXFrameworksBuildPhase section */

/* Begin PBXGroup section */
		425BDD902DAFFACA0007D285 = {
			isa = PBXGroup;
			children = (
				425BDDBA2DAFFAE90007D285 /* ContantList */,
				425BDD9A2DAFFACA0007D285 /* Products */,
			);
			sourceTree = "<group>";
		};
		425BDD9A2DAFFACA0007D285 /* Products */ = {
			isa = PBXGroup;
			children = (
				425BDD992DAFFACA0007D285 /* ContantList.app */,
			);
			name = Products;
			sourceTree = "<group>";
		};
		425BDDBA2DAFFAE90007D285 /* ContantList */ = {
			isa = PBXGroup;
			children = (
				425BDDC62DB0021C0007D285 /* Models */,
				425BDDC32DAFFC410007D285 /* Views */,
				425BDDC22DAFFC1E0007D285 /* Services */,
				425BDDB12DAFFAE90007D285 /* AppDelegate.swift */,
				425BDDB52DAFFAE90007D285 /* LaunchScreen.storyboard */,
				425BDDB72DAFFAE90007D285 /* Main.storyboard */,
				425BDDB82DAFFAE90007D285 /* SceneDelegate.swift */,
				425BDDB22DAFFAE90007D285 /* Assets.xcassets */,
				425BDDB32DAFFAE90007D285 /* Info.plist */,
			);
			path = ContantList;
			sourceTree = "<group>";
		};
		425BDDC22DAFFC1E0007D285 /* Services */ = {
			isa = PBXGroup;
			children = (
				425BDDB92DAFFAE90007D285 /* DataStore.swift */,
			);
			path = Services;
			sourceTree = "<group>";
		};
		425BDDC32DAFFC410007D285 /* Views */ = {
			isa = PBXGroup;
			children = (
				425BDDC42DAFFCA10007D285 /* ContentView.swift */,
				425BDDCB2DB006690007D285 /* ContactListView.swift */,
				425BDDCD2DB007B60007D285 /* PersonView.swift */,
				425BDDCF2DB0095F0007D285 /* SectionsView.swift */,
			);
			path = Views;
			sourceTree = "<group>";
		};
		425BDDC62DB0021C0007D285 /* Models */ = {
			isa = PBXGroup;
			children = (
				425BDDC72DB0024E0007D285 /* Person.swift */,
			);
			path = Models;
			sourceTree = "<group>";
		};
/* End PBXGroup section */

/* Begin PBXNativeTarget section */
		425BDD982DAFFACA0007D285 /* ContantList */ = {
			isa = PBXNativeTarget;
			buildConfigurationList = 425BDDAC2DAFFACB0007D285 /* Build configuration list for PBXNativeTarget "ContantList" */;
			buildPhases = (
				425BDD952DAFFACA0007D285 /* Sources */,
				425BDD962DAFFACA0007D285 /* Frameworks */,
				425BDD972DAFFACA0007D285 /* Resources */,
			);
			buildRules = (
			);
			dependencies = (
			);
			name = ContantList;
			packageProductDependencies = (
			);
			productName = ContantList;
			productReference = 425BDD992DAFFACA0007D285 /* ContantList.app */;
			productType = "com.apple.product-type.application";
		};
/* End PBXNativeTarget section */

/* Begin PBXProject section */
		425BDD912DAFFACA0007D285 /* Project object */ = {
			isa = PBXProject;
			attributes = {
				BuildIndependentTargetsInParallel = 1;
				LastSwiftUpdateCheck = 1630;
				LastUpgradeCheck = 1630;
				TargetAttributes = {
					425BDD982DAFFACA0007D285 = {
						CreatedOnToolsVersion = 16.3;
					};
				};
			};
			buildConfigurationList = 425BDD942DAFFACA0007D285 /* Build configuration list for PBXProject "ContantList" */;
			developmentRegion = en;
			hasScannedForEncodings = 0;
			knownRegions = (
				en,
				Base,
			);
			mainGroup = 425BDD902DAFFACA0007D285;
			minimizedProjectReferenceProxies = 1;
			preferredProjectObjectVersion = 77;
			productRefGroup = 425BDD9A2DAFFACA0007D285 /* Products */;
			projectDirPath = "";
			projectRoot = "";
			targets = (
				425BDD982DAFFACA0007D285 /* ContantList */,
			);
		};
/* End PBXProject section */

/* Begin PBXResourcesBuildPhase section */
		425BDD972DAFFACA0007D285 /* Resources */ = {
			isa = PBXResourcesBuildPhase;
			buildActionMask = 2147483647;
			files = (
				425BDDBB2DAFFAE90007D285 /* Assets.xcassets in Resources */,
				425BDDBD2DAFFAE90007D285 /* LaunchScreen.storyboard in Resources */,
				425BDDBE2DAFFAE90007D285 /* Main.storyboard in Resources */,
			);
			runOnlyForDeploymentPostprocessing = 0;
		};
/* End PBXResourcesBuildPhase section */

/* Begin PBXSourcesBuildPhase section */
		425BDD952DAFFACA0007D285 /* Sources */ = {
			isa = PBXSourcesBuildPhase;
			buildActionMask = 2147483647;
			files = (
				425BDDD02DB0095F0007D285 /* SectionsView.swift in Sources */,
				425BDDC82DB0024E0007D285 /* Person.swift in Sources */,
				425BDDBF2DAFFAE90007D285 /* AppDelegate.swift in Sources */,
				425BDDC02DAFFAE90007D285 /* SceneDelegate.swift in Sources */,
				425BDDCC2DB006690007D285 /* ContactListView.swift in Sources */,
				425BDDC52DAFFCA10007D285 /* ContentView.swift in Sources */,
				425BDDC12DAFFAE90007D285 /* DataStore.swift in Sources */,
				425BDDCE2DB007B60007D285 /* PersonView.swift in Sources */,
			);
			runOnlyForDeploymentPostprocessing = 0;
		};
/* End PBXSourcesBuildPhase section */

/* Begin PBXVariantGroup section */
		425BDDB52DAFFAE90007D285 /* LaunchScreen.storyboard */ = {
			isa = PBXVariantGroup;
			children = (
				425BDDB42DAFFAE90007D285 /* Base */,
			);
			name = LaunchScreen.storyboard;
			sourceTree = "<group>";
		};
		425BDDB72DAFFAE90007D285 /* Main.storyboard */ = {
			isa = PBXVariantGroup;
			children = (
				425BDDB62DAFFAE90007D285 /* Base */,
			);
			name = Main.storyboard;
			sourceTree = "<group>";
		};
/* End PBXVariantGroup section */

/* Begin XCBuildConfiguration section */
		425BDDAD2DAFFACB0007D285 /* Debug */ = {
			isa = XCBuildConfiguration;
			buildSettings = {
				ASSETCATALOG_COMPILER_APPICON_NAME = AppIcon;
				ASSETCATALOG_COMPILER_GLOBAL_ACCENT_COLOR_NAME = AccentColor;
				CODE_SIGN_STYLE = Automatic;
				CURRENT_PROJECT_VERSION = 1;
				DEVELOPMENT_TEAM = Q4C935HFS8;
				GENERATE_INFOPLIST_FILE = YES;
				INFOPLIST_FILE = ContantList/Info.plist;
				INFOPLIST_KEY_UIApplicationSupportsIndirectInputEvents = YES;
				INFOPLIST_KEY_UILaunchStoryboardName = LaunchScreen;
				INFOPLIST_KEY_UIMainStoryboardFile = Main;
				INFOPLIST_KEY_UISupportedInterfaceOrientations = UIInterfaceOrientationPortrait;
				INFOPLIST_KEY_UISupportedInterfaceOrientations_iPad = "UIInterfaceOrientationLandscapeLeft UIInterfaceOrientationLandscapeRight UIInterfaceOrientationPortrait UIInterfaceOrientationPortraitUpsideDown";
				LD_RUNPATH_SEARCH_PATHS = (
					"$(inherited)",
					"@executable_path/Frameworks",
				);
				MARKETING_VERSION = 1.0;
				PRODUCT_BUNDLE_IDENTIFIER = "Alexander-Shevtsov.ContantList";
				PRODUCT_NAME = "$(TARGET_NAME)";
				SUPPORTED_PLATFORMS = "iphoneos iphonesimulator";
				SUPPORTS_MACCATALYST = NO;
				SUPPORTS_MAC_DESIGNED_FOR_IPHONE_IPAD = NO;
				SUPPORTS_XR_DESIGNED_FOR_IPHONE_IPAD = NO;
				SWIFT_EMIT_LOC_STRINGS = YES;
				SWIFT_VERSION = 5.0;
				TARGETED_DEVICE_FAMILY = 1;
			};
			name = Debug;
		};
		425BDDAE2DAFFACB0007D285 /* Release */ = {
			isa = XCBuildConfiguration;
			buildSettings = {
				ASSETCATALOG_COMPILER_APPICON_NAME = AppIcon;
				ASSETCATALOG_COMPILER_GLOBAL_ACCENT_COLOR_NAME = AccentColor;
				CODE_SIGN_STYLE = Automatic;
				CURRENT_PROJECT_VERSION = 1;
				DEVELOPMENT_TEAM = Q4C935HFS8;
				GENERATE_INFOPLIST_FILE = YES;
				INFOPLIST_FILE = ContantList/Info.plist;
				INFOPLIST_KEY_UIApplicationSupportsIndirectInputEvents = YES;
				INFOPLIST_KEY_UILaunchStoryboardName = LaunchScreen;
				INFOPLIST_KEY_UIMainStoryboardFile = Main;
				INFOPLIST_KEY_UISupportedInterfaceOrientations = UIInterfaceOrientationPortrait;
				INFOPLIST_KEY_UISupportedInterfaceOrientations_iPad = "UIInterfaceOrientationLandscapeLeft UIInterfaceOrientationLandscapeRight UIInterfaceOrientationPortrait UIInterfaceOrientationPortraitUpsideDown";
				LD_RUNPATH_SEARCH_PATHS = (
					"$(inherited)",
					"@executable_path/Frameworks",
				);
				MARKETING_VERSION = 1.0;
				PRODUCT_BUNDLE_IDENTIFIER = "Alexander-Shevtsov.ContantList";
				PRODUCT_NAME = "$(TARGET_NAME)";
				SUPPORTED_PLATFORMS = "iphoneos iphonesimulator";
				SUPPORTS_MACCATALYST = NO;
				SUPPORTS_MAC_DESIGNED_FOR_IPHONE_IPAD = NO;
				SUPPORTS_XR_DESIGNED_FOR_IPHONE_IPAD = NO;
				SWIFT_EMIT_LOC_STRINGS = YES;
				SWIFT_VERSION = 5.0;
				TARGETED_DEVICE_FAMILY = 1;
			};
			name = Release;
		};
		425BDDAF2DAFFACB0007D285 /* Debug */ = {
			isa = XCBuildConfiguration;
			buildSettings = {
				ALWAYS_SEARCH_USER_PATHS = NO;
				ASSETCATALOG_COMPILER_GENERATE_SWIFT_ASSET_SYMBOL_EXTENSIONS = YES;
				CLANG_ANALYZER_NONNULL = YES;
				CLANG_ANALYZER_NUMBER_OBJECT_CONVERSION = YES_AGGRESSIVE;
				CLANG_CXX_LANGUAGE_STANDARD = "gnu++20";
				CLANG_ENABLE_MODULES = YES;
				CLANG_ENABLE_OBJC_ARC = YES;
				CLANG_ENABLE_OBJC_WEAK = YES;
				CLANG_WARN_BLOCK_CAPTURE_AUTORELEASING = YES;
				CLANG_WARN_BOOL_CONVERSION = YES;
				CLANG_WARN_COMMA = YES;
				CLANG_WARN_CONSTANT_CONVERSION = YES;
				CLANG_WARN_DEPRECATED_OBJC_IMPLEMENTATIONS = YES;
				CLANG_WARN_DIRECT_OBJC_ISA_USAGE = YES_ERROR;
				CLANG_WARN_DOCUMENTATION_COMMENTS = YES;
				CLANG_WARN_EMPTY_BODY = YES;
				CLANG_WARN_ENUM_CONVERSION = YES;
				CLANG_WARN_INFINITE_RECURSION = YES;
				CLANG_WARN_INT_CONVERSION = YES;
				CLANG_WARN_NON_LITERAL_NULL_CONVERSION = YES;
				CLANG_WARN_OBJC_IMPLICIT_RETAIN_SELF = YES;
				CLANG_WARN_OBJC_LITERAL_CONVERSION = YES;
				CLANG_WARN_OBJC_ROOT_CLASS = YES_ERROR;
				CLANG_WARN_QUOTED_INCLUDE_IN_FRAMEWORK_HEADER = YES;
				CLANG_WARN_RANGE_LOOP_ANALYSIS = YES;
				CLANG_WARN_STRICT_PROTOTYPES = YES;
				CLANG_WARN_SUSPICIOUS_MOVE = YES;
				CLANG_WARN_UNGUARDED_AVAILABILITY = YES_AGGRESSIVE;
				CLANG_WARN_UNREACHABLE_CODE = YES;
				CLANG_WARN__DUPLICATE_METHOD_MATCH = YES;
				COPY_PHASE_STRIP = NO;
				DEBUG_INFORMATION_FORMAT = dwarf;
				DEVELOPMENT_TEAM = Q4C935HFS8;
				ENABLE_STRICT_OBJC_MSGSEND = YES;
				ENABLE_TESTABILITY = YES;
				ENABLE_USER_SCRIPT_SANDBOXING = YES;
				GCC_C_LANGUAGE_STANDARD = gnu17;
				GCC_DYNAMIC_NO_PIC = NO;
				GCC_NO_COMMON_BLOCKS = YES;
				GCC_OPTIMIZATION_LEVEL = 0;
				GCC_PREPROCESSOR_DEFINITIONS = (
					"DEBUG=1",
					"$(inherited)",
				);
				GCC_WARN_64_TO_32_BIT_CONVERSION = YES;
				GCC_WARN_ABOUT_RETURN_TYPE = YES_ERROR;
				GCC_WARN_UNDECLARED_SELECTOR = YES;
				GCC_WARN_UNINITIALIZED_AUTOS = YES_AGGRESSIVE;
				GCC_WARN_UNUSED_FUNCTION = YES;
				GCC_WARN_UNUSED_VARIABLE = YES;
				IPHONEOS_DEPLOYMENT_TARGET = 18.4;
				LOCALIZATION_PREFERS_STRING_CATALOGS = YES;
				MTL_ENABLE_DEBUG_INFO = INCLUDE_SOURCE;
				MTL_FAST_MATH = YES;
				ONLY_ACTIVE_ARCH = YES;
				SDKROOT = iphoneos;
				SWIFT_ACTIVE_COMPILATION_CONDITIONS = "DEBUG $(inherited)";
				SWIFT_OPTIMIZATION_LEVEL = "-Onone";
			};
			name = Debug;
		};
		425BDDB02DAFFACB0007D285 /* Release */ = {
			isa = XCBuildConfiguration;
			buildSettings = {
				ALWAYS_SEARCH_USER_PATHS = NO;
				ASSETCATALOG_COMPILER_GENERATE_SWIFT_ASSET_SYMBOL_EXTENSIONS = YES;
				CLANG_ANALYZER_NONNULL = YES;
				CLANG_ANALYZER_NUMBER_OBJECT_CONVERSION = YES_AGGRESSIVE;
				CLANG_CXX_LANGUAGE_STANDARD = "gnu++20";
				CLANG_ENABLE_MODULES = YES;
				CLANG_ENABLE_OBJC_ARC = YES;
				CLANG_ENABLE_OBJC_WEAK = YES;
				CLANG_WARN_BLOCK_CAPTURE_AUTORELEASING = YES;
				CLANG_WARN_BOOL_CONVERSION = YES;
				CLANG_WARN_COMMA = YES;
				CLANG_WARN_CONSTANT_CONVERSION = YES;
				CLANG_WARN_DEPRECATED_OBJC_IMPLEMENTATIONS = YES;
				CLANG_WARN_DIRECT_OBJC_ISA_USAGE = YES_ERROR;
				CLANG_WARN_DOCUMENTATION_COMMENTS = YES;
				CLANG_WARN_EMPTY_BODY = YES;
				CLANG_WARN_ENUM_CONVERSION = YES;
				CLANG_WARN_INFINITE_RECURSION = YES;
				CLANG_WARN_INT_CONVERSION = YES;
				CLANG_WARN_NON_LITERAL_NULL_CONVERSION = YES;
				CLANG_WARN_OBJC_IMPLICIT_RETAIN_SELF = YES;
				CLANG_WARN_OBJC_LITERAL_CONVERSION = YES;
				CLANG_WARN_OBJC_ROOT_CLASS = YES_ERROR;
				CLANG_WARN_QUOTED_INCLUDE_IN_FRAMEWORK_HEADER = YES;
				CLANG_WARN_RANGE_LOOP_ANALYSIS = YES;
				CLANG_WARN_STRICT_PROTOTYPES = YES;
				CLANG_WARN_SUSPICIOUS_MOVE = YES;
				CLANG_WARN_UNGUARDED_AVAILABILITY = YES_AGGRESSIVE;
				CLANG_WARN_UNREACHABLE_CODE = YES;
				CLANG_WARN__DUPLICATE_METHOD_MATCH = YES;
				COPY_PHASE_STRIP = NO;
				DEBUG_INFORMATION_FORMAT = "dwarf-with-dsym";
				DEVELOPMENT_TEAM = Q4C935HFS8;
				ENABLE_NS_ASSERTIONS = NO;
				ENABLE_STRICT_OBJC_MSGSEND = YES;
				ENABLE_USER_SCRIPT_SANDBOXING = YES;
				GCC_C_LANGUAGE_STANDARD = gnu17;
				GCC_NO_COMMON_BLOCKS = YES;
				GCC_WARN_64_TO_32_BIT_CONVERSION = YES;
				GCC_WARN_ABOUT_RETURN_TYPE = YES_ERROR;
				GCC_WARN_UNDECLARED_SELECTOR = YES;
				GCC_WARN_UNINITIALIZED_AUTOS = YES_AGGRESSIVE;
				GCC_WARN_UNUSED_FUNCTION = YES;
				GCC_WARN_UNUSED_VARIABLE = YES;
				IPHONEOS_DEPLOYMENT_TARGET = 18.4;
				LOCALIZATION_PREFERS_STRING_CATALOGS = YES;
				MTL_ENABLE_DEBUG_INFO = NO;
				MTL_FAST_MATH = YES;
				SDKROOT = iphoneos;
				SWIFT_COMPILATION_MODE = wholemodule;
				VALIDATE_PRODUCT = YES;
			};
			name = Release;
		};
/* End XCBuildConfiguration section */

/* Begin XCConfigurationList section */
		425BDD942DAFFACA0007D285 /* Build configuration list for PBXProject "ContantList" */ = {
			isa = XCConfigurationList;
			buildConfigurations = (
				425BDDAF2DAFFACB0007D285 /* Debug */,
				425BDDB02DAFFACB0007D285 /* Release */,
			);
			defaultConfigurationIsVisible = 0;
			defaultConfigurationName = Release;
		};
		425BDDAC2DAFFACB0007D285 /* Build configuration list for PBXNativeTarget "ContantList" */ = {
			isa = XCConfigurationList;
			buildConfigurations = (
				425BDDAD2DAFFACB0007D285 /* Debug */,
				425BDDAE2DAFFACB0007D285 /* Release */,
			);
			defaultConfigurationIsVisible = 0;
			defaultConfigurationName = Release;
		};
/* End XCConfigurationList section */
	};
	rootObject = 425BDD912DAFFACA0007D285 /* Project object */;
}
